
Microsoft Visual Studio Solution File, Format Version 11.00
# Visual Studio 2010
Project("{FAE04EC0-301F-11D3-BF4B-00C04F79EFBC}") = "DatabaseAccess", "DatabaseAccess\DatabaseAccess.csproj", "{4005695F-9393-4061-8B33-628A1E97C008}"
EndProject
Project("{FAE04EC0-301F-11D3-BF4B-00C04F79EFBC}") = "DTTServiceAccess", "DTTServiceClient\DTTServiceAccess.csproj", "{94764928-AFA6-4E8D-887C-BA0176420B0E}"
EndProject
Project("{FAE04EC0-301F-11D3-BF4B-00C04F79EFBC}") = "TorrentDownloader", "TorrentDownloader\TorrentDownloader.csproj", "{E6C00E85-6862-4808-83EA-7DF3088DD286}"
EndProject
Global
	GlobalSection(SolutionConfigurationPlatforms) = preSolution
		Debug|Any CPU = Debug|Any CPU
		Debug|Mixed Platforms = Debug|Mixed Platforms
		Debug|x86 = Debug|x86
		Release|Any CPU = Release|Any CPU
		Release|Mixed Platforms = Release|Mixed Platforms
		Release|x86 = Release|x86
	EndGlobalSection
	GlobalSection(ProjectConfigurationPlatforms) = postSolution
		{4005695F-9393-4061-8B33-628A1E97C008}.Debug|Any CPU.ActiveCfg = Debug|Any CPU
		{4005695F-9393-4061-8B33-628A1E97C008}.Debug|Any CPU.Build.0 = Debug|Any CPU
		{4005695F-9393-4061-8B33-628A1E97C008}.Debug|Mixed Platforms.ActiveCfg = Debug|Any CPU
		{4005695F-9393-4061-8B33-628A1E97C008}.Debug|Mixed Platforms.Build.0 = Debug|Any CPU
		{4005695F-9393-4061-8B33-628A1E97C008}.Debug|x86.ActiveCfg = Debug|Any CPU
		{4005695F-9393-4061-8B33-628A1E97C008}.Release|Any CPU.ActiveCfg = Release|Any CPU
		{4005695F-9393-4061-8B33-628A1E97C008}.Release|Any CPU.Build.0 = Release|Any CPU
		{4005695F-9393-4061-8B33-628A1E97C008}.Release|Mixed Platforms.ActiveCfg = Release|Any CPU
		{4005695F-9393-4061-8B33-628A1E97C008}.Release|Mixed Platforms.Build.0 = Release|Any CPU
		{4005695F-9393-4061-8B33-628A1E97C008}.Release|x86.ActiveCfg = Release|Any CPU
		{94764928-AFA6-4E8D-887C-BA0176420B0E}.Debug|Any CPU.ActiveCfg = Debug|Any CPU
		{94764928-AFA6-4E8D-887C-BA0176420B0E}.Debug|Any CPU.Build.0 = Debug|Any CPU
		{94764928-AFA6-4E8D-887C-BA0176420B0E}.Debug|Mixed Platforms.ActiveCfg = Debug|Any CPU
		{94764928-AFA6-4E8D-887C-BA0176420B0E}.Debug|Mixed Platforms.Build.0 = Debug|Any CPU
		{94764928-AFA6-4E8D-887C-BA0176420B0E}.Debug|x86.ActiveCfg = Debug|Any CPU
		{94764928-AFA6-4E8D-887C-BA0176420B0E}.Release|Any CPU.ActiveCfg = Release|Any CPU
		{94764928-AFA6-4E8D-887C-BA0176420B0E}.Release|Any CPU.Build.0 = Release|Any CPU
		{94764928-AFA6-4E8D-887C-BA0176420B0E}.Release|Mixed Platforms.ActiveCfg = Release|Any CPU
		{94764928-AFA6-4E8D-887C-BA0176420B0E}.Release|Mixed Platforms.Build.0 = Release|Any CPU
		{94764928-AFA6-4E8D-887C-BA0176420B0E}.Release|x86.ActiveCfg = Release|Any CPU
		{E6C00E85-6862-4808-83EA-7DF3088DD286}.Debug|Any CPU.ActiveCfg = Debug|x86
		{E6C00E85-6862-4808-83EA-7DF3088DD286}.Debug|Mixed Platforms.ActiveCfg = Debug|x86
		{E6C00E85-6862-4808-83EA-7DF3088DD286}.Debug|Mixed Platforms.Build.0 = Debug|x86
		{E6C00E85-6862-4808-83EA-7DF3088DD286}.Debug|x86.ActiveCfg = Debug|x86
		{E6C00E85-6862-4808-83EA-7DF3088DD286}.Debug|x86.Build.0 = Debug|x86
		{E6C00E85-6862-4808-83EA-7DF3088DD286}.Release|Any CPU.ActiveCfg = Release|x86
		{E6C00E85-6862-4808-83EA-7DF3088DD286}.Release|Mixed Platforms.ActiveCfg = Release|x86
		{E6C00E85-6862-4808-83EA-7DF3088DD286}.Release|Mixed Platforms.Build.0 = Release|x86
		{E6C00E85-6862-4808-83EA-7DF3088DD286}.Release|x86.ActiveCfg = Release|x86
		{E6C00E85-6862-4808-83EA-7DF3088DD286}.Release|x86.Build.0 = Release|x86
	EndGlobalSection
	GlobalSection(SolutionProperties) = preSolution
		HideSolutionNode = FALSE
	EndGlobalSection
EndGlobal
